PODS:
  - Capacitor (7.6.9):
    - CapacitorCordova
  - CapacitorBackgroundRunner (2.3.1):
    - Capacitor
  - CapacitorCordova (7.6.9)

DEPENDENCIES:
  - "Capacitor (from `../../node_modules/@capacitor/ios`)"
  - "CapacitorBackgroundRunner (from `../../node_modules/@capacitor/background-runner`)"
  - "CapacitorCordova (from `../../node_modules/@capacitor/ios`)"

EXTERNAL SOURCES:
  Capacitor:
    :path: "../../node_modules/@capacitor/ios"
  CapacitorBackgroundRunner:
    :path: "../../node_modules/@capacitor/background-runner"
  CapacitorCordova:
    :path: "../../node_modules/@capacitor/ios"

SPEC CHECKSUMS:
  Capacitor: 46067d1c8df89760dbed78780d436327d588c726
  CapacitorBackgroundRunner: 8f8530508b5f9e987cc7af792538f8f30c532869
  CapacitorCordova: 2080fc0d6bfbc9dcc0e6d88e77fa624190d343ca

PODFILE CHECKSUM: fd7ea42a45439c45ae371980e5dd7b2561534278

COCOAPODS: 1.17.0
